<Solution>
  <Project Path="video-game-catalogue-aspnet-angular.client/video-game-catalogue-aspnet-angular.client.esproj">
    <Build />
    <Deploy />
  </Project>
  <Project Path="video-game-catalogue-aspnet-angular.Server.Tests/video-game-catalogue-aspnet-angular.Server.Tests.csproj" />
  <Project Path="video-game-catalogue-aspnet-angular.Server/video-game-catalogue-aspnet-angular.Server.csproj" />
</Solution>
